
Microsoft Visual Studio Solution File, Format Version 11.00
# Visual Studio 2010
Project("{FAE04EC0-301F-11D3-BF4B-00C04F79EFBC}") = "CustomPath35", "CustomPath35\CustomPath35.csproj", "{704AA56B-5343-4796-B6CE-70488AF5B31E}"
EndProject
Project("{FAE04EC0-301F-11D3-BF4B-00C04F79EFBC}") = "RootPath35", "RootPath35\RootPath35.csproj", "{37F380DE-6EE9-4943-AA8A-53FB9F09FD30}"
EndProject
Project("{FAE04EC0-301F-11D3-BF4B-00C04F79EFBC}") = "CustomPath40", "CustomPath40\CustomPath40.csproj", "{787130A2-1797-403F-BB3F-EA2AFDB14B12}"
EndProject
Project("{FAE04EC0-301F-11D3-BF4B-00C04F79EFBC}") = "RootPath40", "RootPath40\RootPath40.csproj", "{07C66849-4022-4141-BB1E-B85B44B4FBAF}"
EndProject
Project("{FAE04EC0-301F-11D3-BF4B-00C04F79EFBC}") = "StarterTemplates.Common", "StarterTemplates.Common\StarterTemplates.Common.csproj", "{ACBF3D12-379A-41D7-87DB-C376CFCBD131}"
EndProject
Project("{FAE04EC0-301F-11D3-BF4B-00C04F79EFBC}") = "ConsoleAppHost", "ConsoleAppHost\ConsoleAppHost.csproj", "{79950922-9EFF-44E1-993A-4EA20DEC780A}"
EndProject
Project("{FAE04EC0-301F-11D3-BF4B-00C04F79EFBC}") = "StarterTemplates.Tests", "StarterTemplates.Tests\StarterTemplates.Tests.csproj", "{0BF3A819-1166-4471-89ED-0CE63867FD86}"
EndProject
Project("{2150E333-8FDC-42A3-9474-1A3956D46DE8}") = "Solution Items", "Solution Items", "{73398563-F556-4345-80D3-E121F0AA84D2}"
	ProjectSection(SolutionItems) = preProject
		README.md = README.md
	EndProjectSection
EndProject
Project("{FAE04EC0-301F-11D3-BF4B-00C04F79EFBC}") = "WinServiceAppHost", "WinServiceAppHost\WinServiceAppHost.csproj", "{D49ABE7E-B090-4473-B80B-B2432BBF8CB5}"
EndProject
Global
	GlobalSection(SolutionConfigurationPlatforms) = preSolution
		Debug|Any CPU = Debug|Any CPU
		Debug|Mixed Platforms = Debug|Mixed Platforms
		Debug|x86 = Debug|x86
		Release|Any CPU = Release|Any CPU
		Release|Mixed Platforms = Release|Mixed Platforms
		Release|x86 = Release|x86
	EndGlobalSection
	GlobalSection(ProjectConfigurationPlatforms) = postSolution
		{704AA56B-5343-4796-B6CE-70488AF5B31E}.Debug|Any CPU.ActiveCfg = Debug|Any CPU
		{704AA56B-5343-4796-B6CE-70488AF5B31E}.Debug|Any CPU.Build.0 = Debug|Any CPU
		{704AA56B-5343-4796-B6CE-70488AF5B31E}.Debug|Mixed Platforms.ActiveCfg = Debug|Any CPU
		{704AA56B-5343-4796-B6CE-70488AF5B31E}.Debug|Mixed Platforms.Build.0 = Debug|Any CPU
		{704AA56B-5343-4796-B6CE-70488AF5B31E}.Debug|x86.ActiveCfg = Debug|Any CPU
		{704AA56B-5343-4796-B6CE-70488AF5B31E}.Release|Any CPU.ActiveCfg = Release|Any CPU
		{704AA56B-5343-4796-B6CE-70488AF5B31E}.Release|Any CPU.Build.0 = Release|Any CPU
		{704AA56B-5343-4796-B6CE-70488AF5B31E}.Release|Mixed Platforms.ActiveCfg = Release|Any CPU
		{704AA56B-5343-4796-B6CE-70488AF5B31E}.Release|Mixed Platforms.Build.0 = Release|Any CPU
		{704AA56B-5343-4796-B6CE-70488AF5B31E}.Release|x86.ActiveCfg = Release|Any CPU
		{37F380DE-6EE9-4943-AA8A-53FB9F09FD30}.Debug|Any CPU.ActiveCfg = Debug|Any CPU
		{37F380DE-6EE9-4943-AA8A-53FB9F09FD30}.Debug|Any CPU.Build.0 = Debug|Any CPU
		{37F380DE-6EE9-4943-AA8A-53FB9F09FD30}.Debug|Mixed Platforms.ActiveCfg = Debug|Any CPU
		{37F380DE-6EE9-4943-AA8A-53FB9F09FD30}.Debug|Mixed Platforms.Build.0 = Debug|Any CPU
		{37F380DE-6EE9-4943-AA8A-53FB9F09FD30}.Debug|x86.ActiveCfg = Debug|Any CPU
		{37F380DE-6EE9-4943-AA8A-53FB9F09FD30}.Release|Any CPU.ActiveCfg = Release|Any CPU
		{37F380DE-6EE9-4943-AA8A-53FB9F09FD30}.Release|Any CPU.Build.0 = Release|Any CPU
		{37F380DE-6EE9-4943-AA8A-53FB9F09FD30}.Release|Mixed Platforms.ActiveCfg = Release|Any CPU
		{37F380DE-6EE9-4943-AA8A-53FB9F09FD30}.Release|Mixed Platforms.Build.0 = Release|Any CPU
		{37F380DE-6EE9-4943-AA8A-53FB9F09FD30}.Release|x86.ActiveCfg = Release|Any CPU
		{787130A2-1797-403F-BB3F-EA2AFDB14B12}.Debug|Any CPU.ActiveCfg = Debug|Any CPU
		{787130A2-1797-403F-BB3F-EA2AFDB14B12}.Debug|Any CPU.Build.0 = Debug|Any CPU
		{787130A2-1797-403F-BB3F-EA2AFDB14B12}.Debug|Mixed Platforms.ActiveCfg = Debug|Any CPU
		{787130A2-1797-403F-BB3F-EA2AFDB14B12}.Debug|Mixed Platforms.Build.0 = Debug|Any CPU
		{787130A2-1797-403F-BB3F-EA2AFDB14B12}.Debug|x86.ActiveCfg = Debug|Any CPU
		{787130A2-1797-403F-BB3F-EA2AFDB14B12}.Release|Any CPU.ActiveCfg = Release|Any CPU
		{787130A2-1797-403F-BB3F-EA2AFDB14B12}.Release|Any CPU.Build.0 = Release|Any CPU
		{787130A2-1797-403F-BB3F-EA2AFDB14B12}.Release|Mixed Platforms.ActiveCfg = Release|Any CPU
		{787130A2-1797-403F-BB3F-EA2AFDB14B12}.Release|Mixed Platforms.Build.0 = Release|Any CPU
		{787130A2-1797-403F-BB3F-EA2AFDB14B12}.Release|x86.ActiveCfg = Release|Any CPU
		{07C66849-4022-4141-BB1E-B85B44B4FBAF}.Debug|Any CPU.ActiveCfg = Debug|Any CPU
		{07C66849-4022-4141-BB1E-B85B44B4FBAF}.Debug|Any CPU.Build.0 = Debug|Any CPU
		{07C66849-4022-4141-BB1E-B85B44B4FBAF}.Debug|Mixed Platforms.ActiveCfg = Debug|Any CPU
		{07C66849-4022-4141-BB1E-B85B44B4FBAF}.Debug|Mixed Platforms.Build.0 = Debug|Any CPU
		{07C66849-4022-4141-BB1E-B85B44B4FBAF}.Debug|x86.ActiveCfg = Debug|Any CPU
		{07C66849-4022-4141-BB1E-B85B44B4FBAF}.Release|Any CPU.ActiveCfg = Release|Any CPU
		{07C66849-4022-4141-BB1E-B85B44B4FBAF}.Release|Any CPU.Build.0 = Release|Any CPU
		{07C66849-4022-4141-BB1E-B85B44B4FBAF}.Release|Mixed Platforms.ActiveCfg = Release|Any CPU
		{07C66849-4022-4141-BB1E-B85B44B4FBAF}.Release|Mixed Platforms.Build.0 = Release|Any CPU
		{07C66849-4022-4141-BB1E-B85B44B4FBAF}.Release|x86.ActiveCfg = Release|Any CPU
		{ACBF3D12-379A-41D7-87DB-C376CFCBD131}.Debug|Any CPU.ActiveCfg = Debug|Any CPU
		{ACBF3D12-379A-41D7-87DB-C376CFCBD131}.Debug|Any CPU.Build.0 = Debug|Any CPU
		{ACBF3D12-379A-41D7-87DB-C376CFCBD131}.Debug|Mixed Platforms.ActiveCfg = Debug|Any CPU
		{ACBF3D12-379A-41D7-87DB-C376CFCBD131}.Debug|Mixed Platforms.Build.0 = Debug|Any CPU
		{ACBF3D12-379A-41D7-87DB-C376CFCBD131}.Debug|x86.ActiveCfg = Debug|Any CPU
		{ACBF3D12-379A-41D7-87DB-C376CFCBD131}.Release|Any CPU.ActiveCfg = Release|Any CPU
		{ACBF3D12-379A-41D7-87DB-C376CFCBD131}.Release|Any CPU.Build.0 = Release|Any CPU
		{ACBF3D12-379A-41D7-87DB-C376CFCBD131}.Release|Mixed Platforms.ActiveCfg = Release|Any CPU
		{ACBF3D12-379A-41D7-87DB-C376CFCBD131}.Release|Mixed Platforms.Build.0 = Release|Any CPU
		{ACBF3D12-379A-41D7-87DB-C376CFCBD131}.Release|x86.ActiveCfg = Release|Any CPU
		{79950922-9EFF-44E1-993A-4EA20DEC780A}.Debug|Any CPU.ActiveCfg = Debug|x86
		{79950922-9EFF-44E1-993A-4EA20DEC780A}.Debug|Mixed Platforms.ActiveCfg = Debug|x86
		{79950922-9EFF-44E1-993A-4EA20DEC780A}.Debug|Mixed Platforms.Build.0 = Debug|x86
		{79950922-9EFF-44E1-993A-4EA20DEC780A}.Debug|x86.ActiveCfg = Debug|x86
		{79950922-9EFF-44E1-993A-4EA20DEC780A}.Debug|x86.Build.0 = Debug|x86
		{79950922-9EFF-44E1-993A-4EA20DEC780A}.Release|Any CPU.ActiveCfg = Release|x86
		{79950922-9EFF-44E1-993A-4EA20DEC780A}.Release|Mixed Platforms.ActiveCfg = Release|x86
		{79950922-9EFF-44E1-993A-4EA20DEC780A}.Release|Mixed Platforms.Build.0 = Release|x86
		{79950922-9EFF-44E1-993A-4EA20DEC780A}.Release|x86.ActiveCfg = Release|x86
		{79950922-9EFF-44E1-993A-4EA20DEC780A}.Release|x86.Build.0 = Release|x86
		{0BF3A819-1166-4471-89ED-0CE63867FD86}.Debug|Any CPU.ActiveCfg = Debug|Any CPU
		{0BF3A819-1166-4471-89ED-0CE63867FD86}.Debug|Any CPU.Build.0 = Debug|Any CPU
		{0BF3A819-1166-4471-89ED-0CE63867FD86}.Debug|Mixed Platforms.ActiveCfg = Debug|Any CPU
		{0BF3A819-1166-4471-89ED-0CE63867FD86}.Debug|Mixed Platforms.Build.0 = Debug|Any CPU
		{0BF3A819-1166-4471-89ED-0CE63867FD86}.Debug|x86.ActiveCfg = Debug|Any CPU
		{0BF3A819-1166-4471-89ED-0CE63867FD86}.Release|Any CPU.ActiveCfg = Release|Any CPU
		{0BF3A819-1166-4471-89ED-0CE63867FD86}.Release|Any CPU.Build.0 = Release|Any CPU
		{0BF3A819-1166-4471-89ED-0CE63867FD86}.Release|Mixed Platforms.ActiveCfg = Release|Any CPU
		{0BF3A819-1166-4471-89ED-0CE63867FD86}.Release|Mixed Platforms.Build.0 = Release|Any CPU
		{0BF3A819-1166-4471-89ED-0CE63867FD86}.Release|x86.ActiveCfg = Release|Any CPU
		{D49ABE7E-B090-4473-B80B-B2432BBF8CB5}.Debug|Any CPU.ActiveCfg = Debug|x86
		{D49ABE7E-B090-4473-B80B-B2432BBF8CB5}.Debug|Mixed Platforms.ActiveCfg = Debug|x86
		{D49ABE7E-B090-4473-B80B-B2432BBF8CB5}.Debug|Mixed Platforms.Build.0 = Debug|x86
		{D49ABE7E-B090-4473-B80B-B2432BBF8CB5}.Debug|x86.ActiveCfg = Debug|x86
		{D49ABE7E-B090-4473-B80B-B2432BBF8CB5}.Debug|x86.Build.0 = Debug|x86
		{D49ABE7E-B090-4473-B80B-B2432BBF8CB5}.Release|Any CPU.ActiveCfg = Release|x86
		{D49ABE7E-B090-4473-B80B-B2432BBF8CB5}.Release|Mixed Platforms.ActiveCfg = Release|x86
		{D49ABE7E-B090-4473-B80B-B2432BBF8CB5}.Release|Mixed Platforms.Build.0 = Release|x86
		{D49ABE7E-B090-4473-B80B-B2432BBF8CB5}.Release|x86.ActiveCfg = Release|x86
		{D49ABE7E-B090-4473-B80B-B2432BBF8CB5}.Release|x86.Build.0 = Release|x86
	EndGlobalSection
	GlobalSection(SolutionProperties) = preSolution
		HideSolutionNode = FALSE
	EndGlobalSection
EndGlobal
