
Microsoft Visual Studio Solution File, Format Version 11.00
# Visual Studio 2010
Project("{FAE04EC0-301F-11D3-BF4B-00C04F79EFBC}") = "RazorRockstars.Console", "RazorRockstars.Console\RazorRockstars.Console.csproj", "{30BA8DF9-4698-4051-B8E9-84C81E330E24}"
EndProject
Project("{FAE04EC0-301F-11D3-BF4B-00C04F79EFBC}") = "RazorRockstars.Console.Mono", "Mono\RazorRockstars.Console.Mono\RazorRockstars.Console.Mono.csproj", "{ED32DF44-0DAC-4222-8DD3-B785D983BE4F}"
EndProject
Global
	GlobalSection(SolutionConfigurationPlatforms) = preSolution
		Debug|x86 = Debug|x86
		Release|x86 = Release|x86
		MONOTOUCH|Any CPU = MONOTOUCH|Any CPU
	EndGlobalSection
	GlobalSection(ProjectConfigurationPlatforms) = postSolution
		{30BA8DF9-4698-4051-B8E9-84C81E330E24}.Debug|x86.ActiveCfg = Debug|x86
		{30BA8DF9-4698-4051-B8E9-84C81E330E24}.Debug|x86.Build.0 = Debug|x86
		{30BA8DF9-4698-4051-B8E9-84C81E330E24}.Release|x86.ActiveCfg = Release|x86
		{30BA8DF9-4698-4051-B8E9-84C81E330E24}.Release|x86.Build.0 = Release|x86
		{ED32DF44-0DAC-4222-8DD3-B785D983BE4F}.Debug|x86.ActiveCfg = Debug|x86
		{ED32DF44-0DAC-4222-8DD3-B785D983BE4F}.Debug|x86.Build.0 = Debug|x86
		{ED32DF44-0DAC-4222-8DD3-B785D983BE4F}.Release|x86.ActiveCfg = Release|x86
		{ED32DF44-0DAC-4222-8DD3-B785D983BE4F}.Release|x86.Build.0 = Release|x86
	EndGlobalSection
	GlobalSection(MonoDevelopProperties) = preSolution
		StartupItem = RazorRockstars.Console\RazorRockstars.Console.csproj
	EndGlobalSection
	GlobalSection(SolutionProperties) = preSolution
		HideSolutionNode = FALSE
	EndGlobalSection
EndGlobal
