
Microsoft Visual Studio Solution File, Format Version 10.00
# Visual Studio 2008
Project("{FAE04EC0-301F-11D3-BF4B-00C04F79EFBC}") = "ServiceStack.Northwind", "ServiceStack.Northwind\ServiceStack.Northwind.csproj", "{3E968D84-7C23-42E9-A443-6355FAA845E2}"
EndProject
Project("{FAE04EC0-301F-11D3-BF4B-00C04F79EFBC}") = "ServiceStack.Northwind.ServiceModel", "ServiceStack.Northwind.ServiceModel\ServiceStack.Northwind.ServiceModel.csproj", "{14856482-95D3-4A02-968C-665F3D08F94D}"
EndProject
Project("{FAE04EC0-301F-11D3-BF4B-00C04F79EFBC}") = "ServiceStack.Northwind.ServiceInterface", "ServiceStack.Northwind.ServiceInterface\ServiceStack.Northwind.ServiceInterface.csproj", "{A724F80D-4341-4ECA-AC43-CF84A3F03779}"
EndProject
Global
	GlobalSection(SolutionConfigurationPlatforms) = preSolution
		Debug|Any CPU = Debug|Any CPU
		Release|Any CPU = Release|Any CPU
	EndGlobalSection
	GlobalSection(ProjectConfigurationPlatforms) = postSolution
		{3E968D84-7C23-42E9-A443-6355FAA845E2}.Debug|Any CPU.ActiveCfg = Debug|Any CPU
		{3E968D84-7C23-42E9-A443-6355FAA845E2}.Debug|Any CPU.Build.0 = Debug|Any CPU
		{3E968D84-7C23-42E9-A443-6355FAA845E2}.Release|Any CPU.ActiveCfg = Release|Any CPU
		{3E968D84-7C23-42E9-A443-6355FAA845E2}.Release|Any CPU.Build.0 = Release|Any CPU
		{14856482-95D3-4A02-968C-665F3D08F94D}.Debug|Any CPU.ActiveCfg = Debug|Any CPU
		{14856482-95D3-4A02-968C-665F3D08F94D}.Debug|Any CPU.Build.0 = Debug|Any CPU
		{14856482-95D3-4A02-968C-665F3D08F94D}.Release|Any CPU.ActiveCfg = Release|Any CPU
		{14856482-95D3-4A02-968C-665F3D08F94D}.Release|Any CPU.Build.0 = Release|Any CPU
		{A724F80D-4341-4ECA-AC43-CF84A3F03779}.Debug|Any CPU.ActiveCfg = Debug|Any CPU
		{A724F80D-4341-4ECA-AC43-CF84A3F03779}.Debug|Any CPU.Build.0 = Debug|Any CPU
		{A724F80D-4341-4ECA-AC43-CF84A3F03779}.Release|Any CPU.ActiveCfg = Release|Any CPU
		{A724F80D-4341-4ECA-AC43-CF84A3F03779}.Release|Any CPU.Build.0 = Release|Any CPU
	EndGlobalSection
	GlobalSection(SolutionProperties) = preSolution
		HideSolutionNode = FALSE
	EndGlobalSection
EndGlobal
