
Microsoft Visual Studio Solution File, Format Version 11.00
# Visual Studio 2010
Project("{FAE04EC0-301F-11D3-BF4B-00C04F79EFBC}") = "ServiceStack.MovieRest", "ServiceStack.MovieRest.csproj", "{EE3EB8BB-A24E-4F71-8277-1C6DAE652E2C}"
EndProject
Global
	GlobalSection(SolutionConfigurationPlatforms) = preSolution
		Debug|Any CPU = Debug|Any CPU
		Release|Any CPU = Release|Any CPU
	EndGlobalSection
	GlobalSection(ProjectConfigurationPlatforms) = postSolution
		{EE3EB8BB-A24E-4F71-8277-1C6DAE652E2C}.Debug|Any CPU.ActiveCfg = Debug|Any CPU
		{EE3EB8BB-A24E-4F71-8277-1C6DAE652E2C}.Debug|Any CPU.Build.0 = Debug|Any CPU
		{EE3EB8BB-A24E-4F71-8277-1C6DAE652E2C}.Release|Any CPU.ActiveCfg = Release|Any CPU
		{EE3EB8BB-A24E-4F71-8277-1C6DAE652E2C}.Release|Any CPU.Build.0 = Release|Any CPU
	EndGlobalSection
	GlobalSection(SolutionProperties) = preSolution
		HideSolutionNode = FALSE
	EndGlobalSection
EndGlobal
