
Microsoft Visual Studio Solution File, Format Version 10.00
# Visual Studio 2008
Project("{FAE04EC0-301F-11D3-BF4B-00C04F79EFBC}") = "RedisStackOverflow.Host.Web", "ServiceStack.Questions.Host.Web\RedisStackOverflow.Host.Web.csproj", "{CCAC74EA-08EE-41A8-BF01-8F1B7D207144}"
EndProject
Global
	GlobalSection(SolutionConfigurationPlatforms) = preSolution
		Debug|Any CPU = Debug|Any CPU
		Release|Any CPU = Release|Any CPU
	EndGlobalSection
	GlobalSection(ProjectConfigurationPlatforms) = postSolution
		{CCAC74EA-08EE-41A8-BF01-8F1B7D207144}.Debug|Any CPU.ActiveCfg = Debug|Any CPU
		{CCAC74EA-08EE-41A8-BF01-8F1B7D207144}.Debug|Any CPU.Build.0 = Debug|Any CPU
		{CCAC74EA-08EE-41A8-BF01-8F1B7D207144}.Release|Any CPU.ActiveCfg = Release|Any CPU
		{CCAC74EA-08EE-41A8-BF01-8F1B7D207144}.Release|Any CPU.Build.0 = Release|Any CPU
	EndGlobalSection
	GlobalSection(SolutionProperties) = preSolution
		HideSolutionNode = FALSE
	EndGlobalSection
EndGlobal
