
Microsoft Visual Studio Solution File, Format Version 11.00
# Visual Studio 2010
Project("{FAE04EC0-301F-11D3-BF4B-00C04F79EFBC}") = "PhotoGallery", "PhotoGallery.csproj", "{131FC7DE-8E77-4C98-83C1-ED5007C2BE33}"
EndProject
Project("{FAE04EC0-301F-11D3-BF4B-00C04F79EFBC}") = "PhotoGallery.Logic", "PhotoGallery.Logic\PhotoGallery.Logic.csproj", "{3E2F3866-6F64-4CD6-8539-1D91889E17B7}"
EndProject
Global
	GlobalSection(SolutionConfigurationPlatforms) = preSolution
		Debug|Any CPU = Debug|Any CPU
		Release|Any CPU = Release|Any CPU
	EndGlobalSection
	GlobalSection(ProjectConfigurationPlatforms) = postSolution
		{131FC7DE-8E77-4C98-83C1-ED5007C2BE33}.Debug|Any CPU.ActiveCfg = Debug|Any CPU
		{131FC7DE-8E77-4C98-83C1-ED5007C2BE33}.Debug|Any CPU.Build.0 = Debug|Any CPU
		{131FC7DE-8E77-4C98-83C1-ED5007C2BE33}.Release|Any CPU.ActiveCfg = Release|Any CPU
		{131FC7DE-8E77-4C98-83C1-ED5007C2BE33}.Release|Any CPU.Build.0 = Release|Any CPU
		{3E2F3866-6F64-4CD6-8539-1D91889E17B7}.Debug|Any CPU.ActiveCfg = Debug|Any CPU
		{3E2F3866-6F64-4CD6-8539-1D91889E17B7}.Debug|Any CPU.Build.0 = Debug|Any CPU
		{3E2F3866-6F64-4CD6-8539-1D91889E17B7}.Release|Any CPU.ActiveCfg = Release|Any CPU
		{3E2F3866-6F64-4CD6-8539-1D91889E17B7}.Release|Any CPU.Build.0 = Release|Any CPU
	EndGlobalSection
	GlobalSection(SolutionProperties) = preSolution
		HideSolutionNode = FALSE
	EndGlobalSection
EndGlobal
